
Microsoft Visual Studio Solution File, Format Version 12.00
Project("{FAE04EC0-301F-11D3-BF4B-00C04F79EFBC}") = "Assignment", "Assignment\Assignment.csproj", "{9849D269-FB34-4F59-B05A-397EB78D82EA}"
EndProject
Project("{FAE04EC0-301F-11D3-BF4B-00C04F79EFBC}") = "ScraperTests", "ScraperTests\ScraperTests.csproj", "{DA11D267-F20A-451F-92B5-503EDB43E567}"
EndProject
Global
	GlobalSection(SolutionConfigurationPlatforms) = preSolution
		Debug|Any CPU = Debug|Any CPU
		Release|Any CPU = Release|Any CPU
	EndGlobalSection
	GlobalSection(ProjectConfigurationPlatforms) = postSolution
		{9849D269-FB34-4F59-B05A-397EB78D82EA}.Debug|Any CPU.ActiveCfg = Debug|Any CPU
		{9849D269-FB34-4F59-B05A-397EB78D82EA}.Debug|Any CPU.Build.0 = Debug|Any CPU
		{9849D269-FB34-4F59-B05A-397EB78D82EA}.Release|Any CPU.ActiveCfg = Release|Any CPU
		{9849D269-FB34-4F59-B05A-397EB78D82EA}.Release|Any CPU.Build.0 = Release|Any CPU
		{DA11D267-F20A-451F-92B5-503EDB43E567}.Debug|Any CPU.ActiveCfg = Debug|Any CPU
		{DA11D267-F20A-451F-92B5-503EDB43E567}.Debug|Any CPU.Build.0 = Debug|Any CPU
		{DA11D267-F20A-451F-92B5-503EDB43E567}.Release|Any CPU.ActiveCfg = Release|Any CPU
		{DA11D267-F20A-451F-92B5-503EDB43E567}.Release|Any CPU.Build.0 = Release|Any CPU
	EndGlobalSection
EndGlobal
